
Microsoft Visual Studio Solution File, Format Version 12.00
# Visual Studio Version 16
VisualStudioVersion = 16.0.31105.61
MinimumVisualStudioVersion = 10.0.40219.1
Project("{8BC9CEB8-8B4A-11D0-8D11-00A0C91BC942}") = "GSProj", "GSProj.vcxproj", "{E220FAE1-7D1B-4B37-85E6-01A8B2B2872F}"
EndProject
Global
	GlobalSection(SolutionConfigurationPlatforms) = preSolution
		Debug|x64 = Debug|x64
		Debug|x86 = Debug|x86
		Release|x64 = Release|x64
		Release|x86 = Release|x86
	EndGlobalSection
	GlobalSection(ProjectConfigurationPlatforms) = postSolution
		{E220FAE1-7D1B-4B37-85E6-01A8B2B2872F}.Debug|x64.ActiveCfg = Debug|x64
		{E220FAE1-7D1B-4B37-85E6-01A8B2B2872F}.Debug|x64.Build.0 = Debug|x64
		{E220FAE1-7D1B-4B37-85E6-01A8B2B2872F}.Debug|x86.ActiveCfg = Debug|Win32
		{E220FAE1-7D1B-4B37-85E6-01A8B2B2872F}.Debug|x86.Build.0 = Debug|Win32
		{E220FAE1-7D1B-4B37-85E6-01A8B2B2872F}.Release|x64.ActiveCfg = Release|x64
		{E220FAE1-7D1B-4B37-85E6-01A8B2B2872F}.Release|x64.Build.0 = Release|x64
		{E220FAE1-7D1B-4B37-85E6-01A8B2B2872F}.Release|x86.ActiveCfg = Release|Win32
		{E220FAE1-7D1B-4B37-85E6-01A8B2B2872F}.Release|x86.Build.0 = Release|Win32
	EndGlobalSection
	GlobalSection(SolutionProperties) = preSolution
		HideSolutionNode = FALSE
	EndGlobalSection
	GlobalSection(ExtensibilityGlobals) = postSolution
		SolutionGuid = {C142FD80-0402-4926-9BE5-82B9AA64C5D9}
	EndGlobalSection
EndGlobal
